
Microsoft Visual Studio Solution File, Format Version 12.00
# Visual Studio 15
VisualStudioVersion = 15.0.27130.2036
MinimumVisualStudioVersion = 10.0.40219.1
Project("{FAE04EC0-301F-11D3-BF4B-00C04F79EFBC}") = "WaterSkiBaan", "WaterSkiBaan\WaterSkiBaan.csproj", "{76DF5771-59E1-482D-891C-43AF9BD6CE66}"
EndProject
Global
	GlobalSection(SolutionConfigurationPlatforms) = preSolution
		Debug|Any CPU = Debug|Any CPU
		Release|Any CPU = Release|Any CPU
	EndGlobalSection
	GlobalSection(ProjectConfigurationPlatforms) = postSolution
		{76DF5771-59E1-482D-891C-43AF9BD6CE66}.Debug|Any CPU.ActiveCfg = Debug|Any CPU
		{76DF5771-59E1-482D-891C-43AF9BD6CE66}.Debug|Any CPU.Build.0 = Debug|Any CPU
		{76DF5771-59E1-482D-891C-43AF9BD6CE66}.Release|Any CPU.ActiveCfg = Release|Any CPU
		{76DF5771-59E1-482D-891C-43AF9BD6CE66}.Release|Any CPU.Build.0 = Release|Any CPU
	EndGlobalSection
	GlobalSection(SolutionProperties) = preSolution
		HideSolutionNode = FALSE
	EndGlobalSection
	GlobalSection(ExtensibilityGlobals) = postSolution
		SolutionGuid = {0D2471EE-DEE2-42EC-B682-910F4266EE45}
	EndGlobalSection
EndGlobal
