
Microsoft Visual Studio Solution File, Format Version 12.00
# Visual Studio 15
VisualStudioVersion = 15.0.28010.2019
MinimumVisualStudioVersion = 10.0.40219.1
Project("{2150E333-8FDC-42A3-9474-1A3956D46DE8}") = "Wachtrijen", "Wachtrijen", "{A6884AC5-8FD4-4E9D-9E61-505B537B8EDD}"
	ProjectSection(SolutionItems) = preProject
		WachtrijStarten.cs = WachtrijStarten.cs
	EndProjectSection
EndProject
Global
	GlobalSection(SolutionProperties) = preSolution
		HideSolutionNode = FALSE
	EndGlobalSection
	GlobalSection(ExtensibilityGlobals) = postSolution
		SolutionGuid = {07C69E2D-BAE8-4892-8FB7-66E04170868D}
	EndGlobalSection
EndGlobal
